
Microsoft Visual Studio Solution File, Format Version 12.00
# Visual Studio 15
VisualStudioVersion = 15.0.28307.902
MinimumVisualStudioVersion = 10.0.40219.1
Project("{FAE04EC0-301F-11D3-BF4B-00C04F79EFBC}") = "LocalGit", "LocalGit\LocalGit.csproj", "{A2AD8692-7F16-45FB-9BEB-12D411BE767A}"
EndProject
Global
	GlobalSection(SolutionConfigurationPlatforms) = preSolution
		Debug|Any CPU = Debug|Any CPU
		Release|Any CPU = Release|Any CPU
	EndGlobalSection
	GlobalSection(ProjectConfigurationPlatforms) = postSolution
		{A2AD8692-7F16-45FB-9BEB-12D411BE767A}.Debug|Any CPU.ActiveCfg = Debug|Any CPU
		{A2AD8692-7F16-45FB-9BEB-12D411BE767A}.Debug|Any CPU.Build.0 = Debug|Any CPU
		{A2AD8692-7F16-45FB-9BEB-12D411BE767A}.Release|Any CPU.ActiveCfg = Release|Any CPU
		{A2AD8692-7F16-45FB-9BEB-12D411BE767A}.Release|Any CPU.Build.0 = Release|Any CPU
	EndGlobalSection
	GlobalSection(SolutionProperties) = preSolution
		HideSolutionNode = FALSE
	EndGlobalSection
	GlobalSection(ExtensibilityGlobals) = postSolution
		SolutionGuid = {DF06D3D9-5904-4D14-847F-4EA39993F83F}
	EndGlobalSection
EndGlobal
